
Microsoft Visual Studio Solution File, Format Version 12.00
# Visual Studio 15
VisualStudioVersion = 15.0.27703.2035
MinimumVisualStudioVersion = 10.0.40219.1
Project("{2150E333-8FDC-42A3-9474-1A3956D46DE8}") = "1 - UI", "1 - UI", "{BE864386-8A41-4263-A02F-9A50B87C6D04}"
EndProject
Project("{9A19103F-16F7-4668-BE54-9A1E7A4F7556}") = "CLM.UI.Web", "src\CLM.UI.Web\CLM.UI.Web.csproj", "{576063D3-FE1E-49A9-A81E-21BC3B171637}"
EndProject
Project("{FAE04EC0-301F-11D3-BF4B-00C04F79EFBC}") = "CLMData", "CLMData\CLMData.csproj", "{BD2EE03C-0BF1-4AF2-BCD5-B4E50531CCF2}"
EndProject
Project("{FAE04EC0-301F-11D3-BF4B-00C04F79EFBC}") = "CLMService", "CLMService\CLMService.csproj", "{41501D62-B590-4C3C-B065-4151E0D0527D}"
EndProject
Global
	GlobalSection(SolutionConfigurationPlatforms) = preSolution
		Debug|Any CPU = Debug|Any CPU
		Release|Any CPU = Release|Any CPU
	EndGlobalSection
	GlobalSection(ProjectConfigurationPlatforms) = postSolution
		{576063D3-FE1E-49A9-A81E-21BC3B171637}.Debug|Any CPU.ActiveCfg = Debug|Any CPU
		{576063D3-FE1E-49A9-A81E-21BC3B171637}.Debug|Any CPU.Build.0 = Debug|Any CPU
		{576063D3-FE1E-49A9-A81E-21BC3B171637}.Release|Any CPU.ActiveCfg = Release|Any CPU
		{576063D3-FE1E-49A9-A81E-21BC3B171637}.Release|Any CPU.Build.0 = Release|Any CPU
		{BD2EE03C-0BF1-4AF2-BCD5-B4E50531CCF2}.Debug|Any CPU.ActiveCfg = Debug|Any CPU
		{BD2EE03C-0BF1-4AF2-BCD5-B4E50531CCF2}.Debug|Any CPU.Build.0 = Debug|Any CPU
		{BD2EE03C-0BF1-4AF2-BCD5-B4E50531CCF2}.Release|Any CPU.ActiveCfg = Release|Any CPU
		{BD2EE03C-0BF1-4AF2-BCD5-B4E50531CCF2}.Release|Any CPU.Build.0 = Release|Any CPU
		{41501D62-B590-4C3C-B065-4151E0D0527D}.Debug|Any CPU.ActiveCfg = Debug|Any CPU
		{41501D62-B590-4C3C-B065-4151E0D0527D}.Debug|Any CPU.Build.0 = Debug|Any CPU
		{41501D62-B590-4C3C-B065-4151E0D0527D}.Release|Any CPU.ActiveCfg = Release|Any CPU
		{41501D62-B590-4C3C-B065-4151E0D0527D}.Release|Any CPU.Build.0 = Release|Any CPU
	EndGlobalSection
	GlobalSection(SolutionProperties) = preSolution
		HideSolutionNode = FALSE
	EndGlobalSection
	GlobalSection(NestedProjects) = preSolution
		{576063D3-FE1E-49A9-A81E-21BC3B171637} = {BE864386-8A41-4263-A02F-9A50B87C6D04}
	EndGlobalSection
	GlobalSection(ExtensibilityGlobals) = postSolution
		SolutionGuid = {58D27613-2469-4EF6-B493-FEA8893F66A2}
	EndGlobalSection
EndGlobal
